lockfileVersion: '9.0'

settings:
  autoInstallPeers: true
  excludeLinksFromLockfile: false

importers:

  .:
    devDependencies:
      '@hono/node-server':
        specifier: ^1.18.1
        version: 1.18.1(hono@4.8.12)
      hono:
        specifier: ^4.8.12
        version: 4.8.12
      typescript:
        specifier: ^5.9.2
        version: 5.9.2

packages:

  '@hono/node-server@1.18.1':
    resolution: {integrity: sha512-O3puG/b7owYYmoQ2XPBf3SxBz6Dhk5VmWFhbaBU8/5wcUaXUPS0goxaI2Zfyg+Cu14ILJHEU7IFRw7miFxuXxg==}
    engines: {node: '>=18.14.1'}
    peerDependencies:
      hono: ^4

  hono@4.8.12:
    resolution: {integrity: sha512-MQSKk1Mg7b74k8l+A025LfysnLtXDKkE4pLaSsYRQC5iy85lgZnuyeQ1Wynair9mmECzoLu+FtJtqNZSoogBDQ==}
    engines: {node: '>=16.9.0'}

  typescript@5.9.2:
    resolution: {integrity: sha512-CWBzXQrc/qOkhidw1OzBTQuYRbfyxDXJMVJ1XNwUHGROVmuaeiEm3OslpZ1RV96d7SKKjZKrSJu3+t/xlw3R9A==}
    engines: {node: '>=14.17'}
    hasBin: true

snapshots:

  '@hono/node-server@1.18.1(hono@4.8.12)':
    dependencies:
      hono: 4.8.12

  hono@4.8.12: {}

  typescript@5.9.2: {}
